// !$*UTF8*$!
{
	archiveVersion = 1;
	classes = {
	};
	objectVersion = 46;
	objects = {

/* Begin PBXBuildFile section */
		B77848381A867D040066D3BC /* AppDelegate.m in Sources */ = {isa = PBXBuildFile; fileRef = B77848371A867D040066D3BC /* AppDelegate.m */; };
		B778484F1A867D050066D3BC /* APNSRegisterTests.m in Sources */ = {isa = PBXBuildFile; fileRef = B778484E1A867D050066D3BC /* APNSRegisterTests.m */; };
		B778485E1A86C3660066D3BC /* Info.plist in Resources */ = {isa = PBXBuildFile; fileRef = B778485C1A86C3660066D3BC /* Info.plist */; };
		B778485F1A86C3660066D3BC /* main.m in Sources */ = {isa = PBXBuildFile; fileRef = B778485D1A86C3660066D3BC /* main.m */; };
		B778486D1A86C3730066D3BC /* LaunchScreen.xib in Resources */ = {isa = PBXBuildFile; fileRef = B77848611A86C3730066D3BC /* LaunchScreen.xib */; };
		B778486E1A86C3730066D3BC /* Main.storyboard in Resources */ = {isa = PBXBuildFile; fileRef = B77848631A86C3730066D3BC /* Main.storyboard */; };
		B778486F1A86C3730066D3BC /* Images.xcassets in Resources */ = {isa = PBXBuildFile; fileRef = B77848651A86C3730066D3BC /* Images.xcassets */; };
		B77848701A86C3730066D3BC /* TokenRegisterService.m in Sources */ = {isa = PBXBuildFile; fileRef = B77848681A86C3730066D3BC /* TokenRegisterService.m */; };
		B77848711A86C3730066D3BC /* ViewController.m in Sources */ = {isa = PBXBuildFile; fileRef = B778486C1A86C3730066D3BC /* ViewController.m */; };
/* End PBXBuildFile section */

/* Begin PBXContainerItemProxy section */
		B77848491A867D050066D3BC /* PBXContainerItemProxy */ = {
			isa = PBXContainerItemProxy;
			containerPortal = B77848271A867D040066D3BC /* Project object */;
			proxyType = 1;
			remoteGlobalIDString = B778482E1A867D040066D3BC;
			remoteInfo = APNSRegister;
		};
/* End PBXContainerItemProxy section */

/* Begin PBXFileReference section */
		B778482F1A867D040066D3BC /* APNSRegister.app */ = {isa = PBXFileReference; explicitFileType = wrapper.application; includeInIndex = 0; path = APNSRegister.app; sourceTree = BUILT_PRODUCTS_DIR; };
		B77848361A867D040066D3BC /* AppDelegate.h */ = {isa = PBXFileReference; lastKnownFileType = sourcecode.c.h; path = AppDelegate.h; sourceTree = "<group>"; };
		B77848371A867D040066D3BC /* AppDelegate.m */ = {isa = PBXFileReference; lastKnownFileType = sourcecode.c.objc; path = AppDelegate.m; sourceTree = "<group>"; };
		B77848481A867D050066D3BC /* APNSRegisterTests.xctest */ = {isa = PBXFileReference; explicitFileType = wrapper.cfbundle; includeInIndex = 0; path = APNSRegisterTests.xctest; sourceTree = BUILT_PRODUCTS_DIR; };
		B778484D1A867D050066D3BC /* Info.plist */ = {isa = PBXFileReference; lastKnownFileType = text.plist.xml; path = Info.plist; sourceTree = "<group>"; };
		B778484E1A867D050066D3BC /* APNSRegisterTests.m */ = {isa = PBXFileReference; lastKnownFileType = sourcecode.c.objc; path = APNSRegisterTests.m; sourceTree = "<group>"; };
		B778485C1A86C3660066D3BC /* Info.plist */ = {isa = PBXFileReference; fileEncoding = 4; lastKnownFileType = text.plist.xml; name = Info.plist; path = SupportingFiles/Info.plist; sourceTree = "<group>"; };
		B778485D1A86C3660066D3BC /* main.m */ = {isa = PBXFileReference; fileEncoding = 4; lastKnownFileType = sourcecode.c.objc; name = main.m; path = SupportingFiles/main.m; sourceTree = "<group>"; };
		B77848621A86C3730066D3BC /* Base */ = {isa = PBXFileReference; lastKnownFileType = file.xib; name = Base; path = Base.lproj/LaunchScreen.xib; sourceTree = "<group>"; };
		B77848641A86C3730066D3BC /* Base */ = {isa = PBXFileReference; lastKnownFileType = file.storyboard; name = Base; path = Base.lproj/Main.storyboard; sourceTree = "<group>"; };
		B77848651A86C3730066D3BC /* Images.xcassets */ = {isa = PBXFileReference; lastKnownFileType = folder.assetcatalog; path = Images.xcassets; sourceTree = "<group>"; };
		B77848671A86C3730066D3BC /* TokenRegisterService.h */ = {isa = PBXFileReference; fileEncoding = 4; lastKnownFileType = sourcecode.c.h; path = TokenRegisterService.h; sourceTree = "<group>"; };
		B77848681A86C3730066D3BC /* TokenRegisterService.m */ = {isa = PBXFileReference; fileEncoding = 4; lastKnownFileType = sourcecode.c.objc; path = TokenRegisterService.m; sourceTree = "<group>"; };
		B77848691A86C3730066D3BC /* TokenRegisterServiceProtocol.h */ = {isa = PBXFileReference; fileEncoding = 4; lastKnownFileType = sourcecode.c.h; path = TokenRegisterServiceProtocol.h; sourceTree = "<group>"; };
		B778486B1A86C3730066D3BC /* ViewController.h */ = {isa = PBXFileReference; fileEncoding = 4; lastKnownFileType = sourcecode.c.h; path = ViewController.h; sourceTree = "<group>"; };
		B778486C1A86C3730066D3BC /* ViewController.m */ = {isa = PBXFileReference; fileEncoding = 4; lastKnownFileType = sourcecode.c.objc; path = ViewController.m; sourceTree = "<group>"; };
/* End PBXFileReference section */

/* Begin PBXFrameworksBuildPhase section */
		B778482C1A867D040066D3BC /* Frameworks */ = {
			isa = PBXFrameworksBuildPhase;
			buildActionMask = 2147483647;
			files = (
			);
			runOnlyForDeploymentPostprocessing = 0;
		};
		B77848451A867D050066D3BC /* Frameworks */ = {
			isa = PBXFrameworksBuildPhase;
			buildActionMask = 2147483647;
			files = (
			);
			runOnlyForDeploymentPostprocessing = 0;
		};
/* End PBXFrameworksBuildPhase section */

/* Begin PBXGroup section */
		B77848261A867D040066D3BC = {
			isa = PBXGroup;
			children = (
				B77848311A867D040066D3BC /* APNSRegister */,
				B778484B1A867D050066D3BC /* APNSRegisterTests */,
				B77848301A867D040066D3BC /* Products */,
			);
			sourceTree = "<group>";
		};
		B77848301A867D040066D3BC /* Products */ = {
			isa = PBXGroup;
			children = (
				B778482F1A867D040066D3BC /* APNSRegister.app */,
				B77848481A867D050066D3BC /* APNSRegisterTests.xctest */,
			);
			name = Products;
			sourceTree = "<group>";
		};
		B77848311A867D040066D3BC /* APNSRegister */ = {
			isa = PBXGroup;
			children = (
				B77848361A867D040066D3BC /* AppDelegate.h */,
				B77848371A867D040066D3BC /* AppDelegate.m */,
				B77848661A86C3730066D3BC /* TokenRegisterService */,
				B778486A1A86C3730066D3BC /* ViewControllers */,
				B77848601A86C3730066D3BC /* Resources */,
				B77848321A867D040066D3BC /* Supporting Files */,
			);
			path = APNSRegister;
			sourceTree = "<group>";
		};
		B77848321A867D040066D3BC /* Supporting Files */ = {
			isa = PBXGroup;
			children = (
				B778485C1A86C3660066D3BC /* Info.plist */,
				B778485D1A86C3660066D3BC /* main.m */,
			);
			name = "Supporting Files";
			sourceTree = "<group>";
		};
		B778484B1A867D050066D3BC /* APNSRegisterTests */ = {
			isa = PBXGroup;
			children = (
				B778484E1A867D050066D3BC /* APNSRegisterTests.m */,
				B778484C1A867D050066D3BC /* Supporting Files */,
			);
			path = APNSRegisterTests;
			sourceTree = "<group>";
		};
		B778484C1A867D050066D3BC /* Supporting Files */ = {
			isa = PBXGroup;
			children = (
				B778484D1A867D050066D3BC /* Info.plist */,
			);
			name = "Supporting Files";
			sourceTree = "<group>";
		};
		B77848601A86C3730066D3BC /* Resources */ = {
			isa = PBXGroup;
			children = (
				B77848611A86C3730066D3BC /* LaunchScreen.xib */,
				B77848631A86C3730066D3BC /* Main.storyboard */,
				B77848651A86C3730066D3BC /* Images.xcassets */,
			);
			path = Resources;
			sourceTree = "<group>";
		};
		B77848661A86C3730066D3BC /* TokenRegisterService */ = {
			isa = PBXGroup;
			children = (
				B77848671A86C3730066D3BC /* TokenRegisterService.h */,
				B77848681A86C3730066D3BC /* TokenRegisterService.m */,
				B77848691A86C3730066D3BC /* TokenRegisterServiceProtocol.h */,
			);
			path = TokenRegisterService;
			sourceTree = "<group>";
		};
		B778486A1A86C3730066D3BC /* ViewControllers */ = {
			isa = PBXGroup;
			children = (
				B778486B1A86C3730066D3BC /* ViewController.h */,
				B778486C1A86C3730066D3BC /* ViewController.m */,
			);
			path = ViewControllers;
			sourceTree = "<group>";
		};
/* End PBXGroup section */

/* Begin PBXNativeTarget section */
		B778482E1A867D040066D3BC /* APNSRegister */ = {
			isa = PBXNativeTarget;
			buildConfigurationList = B77848521A867D050066D3BC /* Build configuration list for PBXNativeTarget "APNSRegister" */;
			buildPhases = (
				B778482B1A867D040066D3BC /* Sources */,
				B778482C1A867D040066D3BC /* Frameworks */,
				B778482D1A867D040066D3BC /* Resources */,
			);
			buildRules = (
			);
			dependencies = (
			);
			name = APNSRegister;
			productName = APNSRegister;
			productReference = B778482F1A867D040066D3BC /* APNSRegister.app */;
			productType = "com.apple.product-type.application";
		};
		B77848471A867D050066D3BC /* APNSRegisterTests */ = {
			isa = PBXNativeTarget;
			buildConfigurationList = B77848551A867D050066D3BC /* Build configuration list for PBXNativeTarget "APNSRegisterTests" */;
			buildPhases = (
				B77848441A867D050066D3BC /* Sources */,
				B77848451A867D050066D3BC /* Frameworks */,
				B77848461A867D050066D3BC /* Resources */,
			);
			buildRules = (
			);
			dependencies = (
				B778484A1A867D050066D3BC /* PBXTargetDependency */,
			);
			name = APNSRegisterTests;
			productName = APNSRegisterTests;
			productReference = B77848481A867D050066D3BC /* APNSRegisterTests.xctest */;
			productType = "com.apple.product-type.bundle.unit-test";
		};
/* End PBXNativeTarget section */

/* Begin PBXProject section */
		B77848271A867D040066D3BC /* Project object */ = {
			isa = PBXProject;
			attributes = {
				LastUpgradeCheck = 0610;
				ORGANIZATIONNAME = "Deniss Kaibagarovs";
				TargetAttributes = {
					B778482E1A867D040066D3BC = {
						CreatedOnToolsVersion = 6.1.1;
					};
					B77848471A867D050066D3BC = {
						CreatedOnToolsVersion = 6.1.1;
						TestTargetID = B778482E1A867D040066D3BC;
					};
				};
			};
			buildConfigurationList = B778482A1A867D040066D3BC /* Build configuration list for PBXProject "APNSRegister" */;
			compatibilityVersion = "Xcode 3.2";
			developmentRegion = English;
			hasScannedForEncodings = 0;
			knownRegions = (
				en,
				Base,
			);
			mainGroup = B77848261A867D040066D3BC;
			productRefGroup = B77848301A867D040066D3BC /* Products */;
			projectDirPath = "";
			projectRoot = "";
			targets = (
				B778482E1A867D040066D3BC /* APNSRegister */,
				B77848471A867D050066D3BC /* APNSRegisterTests */,
			);
		};
/* End PBXProject section */

/* Begin PBXResourcesBuildPhase section */
		B778482D1A867D040066D3BC /* Resources */ = {
			isa = PBXResourcesBuildPhase;
			buildActionMask = 2147483647;
			files = (
				B778486E1A86C3730066D3BC /* Main.storyboard in Resources */,
				B778486F1A86C3730066D3BC /* Images.xcassets in Resources */,
				B778486D1A86C3730066D3BC /* LaunchScreen.xib in Resources */,
				B778485E1A86C3660066D3BC /* Info.plist in Resources */,
			);
			runOnlyForDeploymentPostprocessing = 0;
		};
		B77848461A867D050066D3BC /* Resources */ = {
			isa = PBXResourcesBuildPhase;
			buildActionMask = 2147483647;
			files = (
			);
			runOnlyForDeploymentPostprocessing = 0;
		};
/* End PBXResourcesBuildPhase section */

/* Begin PBXSourcesBuildPhase section */
		B778482B1A867D040066D3BC /* Sources */ = {
			isa = PBXSourcesBuildPhase;
			buildActionMask = 2147483647;
			files = (
				B778485F1A86C3660066D3BC /* main.m in Sources */,
				B77848381A867D040066D3BC /* AppDelegate.m in Sources */,
				B77848711A86C3730066D3BC /* ViewController.m in Sources */,
				B77848701A86C3730066D3BC /* TokenRegisterService.m in Sources */,
			);
			runOnlyForDeploymentPostprocessing = 0;
		};
		B77848441A867D050066D3BC /* Sources */ = {
			isa = PBXSourcesBuildPhase;
			buildActionMask = 2147483647;
			files = (
				B778484F1A867D050066D3BC /* APNSRegisterTests.m in Sources */,
			);
			runOnlyForDeploymentPostprocessing = 0;
		};
/* End PBXSourcesBuildPhase section */

/* Begin PBXTargetDependency section */
		B778484A1A867D050066D3BC /* PBXTargetDependency */ = {
			isa = PBXTargetDependency;
			target = B778482E1A867D040066D3BC /* APNSRegister */;
			targetProxy = B77848491A867D050066D3BC /* PBXContainerItemProxy */;
		};
/* End PBXTargetDependency section */

/* Begin PBXVariantGroup section */
		B77848611A86C3730066D3BC /* LaunchScreen.xib */ = {
			isa = PBXVariantGroup;
			children = (
				B77848621A86C3730066D3BC /* Base */,
			);
			name = LaunchScreen.xib;
			sourceTree = "<group>";
		};
		B77848631A86C3730066D3BC /* Main.storyboard */ = {
			isa = PBXVariantGroup;
			children = (
				B77848641A86C3730066D3BC /* Base */,
			);
			name = Main.storyboard;
			sourceTree = "<group>";
		};
/* End PBXVariantGroup section */

/* Begin XCBuildConfiguration section */
		B77848501A867D050066D3BC /* Debug */ = {
			isa = XCBuildConfiguration;
			buildSettings = {
				ALWAYS_SEARCH_USER_PATHS = NO;
				CLANG_CXX_LANGUAGE_STANDARD = "gnu++0x";
				CLANG_CXX_LIBRARY = "libc++";
				CLANG_ENABLE_MODULES = YES;
				CLANG_ENABLE_OBJC_ARC = YES;
				CLANG_WARN_BOOL_CONVERSION = YES;
				CLANG_WARN_CONSTANT_CONVERSION = YES;
				CLANG_WARN_DIRECT_OBJC_ISA_USAGE = YES_ERROR;
				CLANG_WARN_EMPTY_BODY = YES;
				CLANG_WARN_ENUM_CONVERSION = YES;
				CLANG_WARN_INT_CONVERSION = YES;
				CLANG_WARN_OBJC_ROOT_CLASS = YES_ERROR;
				CLANG_WARN_UNREACHABLE_CODE = YES;
				CLANG_WARN__DUPLICATE_METHOD_MATCH = YES;
				"CODE_SIGN_IDENTITY[sdk=iphoneos*]" = "iPhone Developer";
				COPY_PHASE_STRIP = NO;
				ENABLE_STRICT_OBJC_MSGSEND = YES;
				GCC_C_LANGUAGE_STANDARD = gnu99;
				GCC_DYNAMIC_NO_PIC = NO;
				GCC_OPTIMIZATION_LEVEL = 0;
				GCC_PREPROCESSOR_DEFINITIONS = (
					"DEBUG=1",
					"$(inherited)",
				);
				GCC_SYMBOLS_PRIVATE_EXTERN = NO;
				GCC_WARN_64_TO_32_BIT_CONVERSION = YES;
				GCC_WARN_ABOUT_RETURN_TYPE = YES_ERROR;
				GCC_WARN_UNDECLARED_SELECTOR = YES;
				GCC_WARN_UNINITIALIZED_AUTOS = YES_AGGRESSIVE;
				GCC_WARN_UNUSED_FUNCTION = YES;
				GCC_WARN_UNUSED_VARIABLE = YES;
				IPHONEOS_DEPLOYMENT_TARGET = 8.1;
				MTL_ENABLE_DEBUG_INFO = YES;
				ONLY_ACTIVE_ARCH = YES;
				SDKROOT = iphoneos;
			};
			name = Debug;
		};
		B77848511A867D050066D3BC /* Release */ = {
			isa = XCBuildConfiguration;
			buildSettings = {
				ALWAYS_SEARCH_USER_PATHS = NO;
				CLANG_CXX_LANGUAGE_STANDARD = "gnu++0x";
				CLANG_CXX_LIBRARY = "libc++";
				CLANG_ENABLE_MODULES = YES;
				CLANG_ENABLE_OBJC_ARC = YES;
				CLANG_WARN_BOOL_CONVERSION = YES;
				CLANG_WARN_CONSTANT_CONVERSION = YES;
				CLANG_WARN_DIRECT_OBJC_ISA_USAGE = YES_ERROR;
				CLANG_WARN_EMPTY_BODY = YES;
				CLANG_WARN_ENUM_CONVERSION = YES;
				CLANG_WARN_INT_CONVERSION = YES;
				CLANG_WARN_OBJC_ROOT_CLASS = YES_ERROR;
				CLANG_WARN_UNREACHABLE_CODE = YES;
				CLANG_WARN__DUPLICATE_METHOD_MATCH = YES;
				"CODE_SIGN_IDENTITY[sdk=iphoneos*]" = "iPhone Developer";
				COPY_PHASE_STRIP = YES;
				ENABLE_NS_ASSERTIONS = NO;
				ENABLE_STRICT_OBJC_MSGSEND = YES;
				GCC_C_LANGUAGE_STANDARD = gnu99;
				GCC_WARN_64_TO_32_BIT_CONVERSION = YES;
				GCC_WARN_ABOUT_RETURN_TYPE = YES_ERROR;
				GCC_WARN_UNDECLARED_SELECTOR = YES;
				GCC_WARN_UNINITIALIZED_AUTOS = YES_AGGRESSIVE;
				GCC_WARN_UNUSED_FUNCTION = YES;
				GCC_WARN_UNUSED_VARIABLE = YES;
				IPHONEOS_DEPLOYMENT_TARGET = 8.1;
				MTL_ENABLE_DEBUG_INFO = NO;
				SDKROOT = iphoneos;
				VALIDATE_PRODUCT = YES;
			};
			name = Release;
		};
		B77848531A867D050066D3BC /* Debug */ = {
			isa = XCBuildConfiguration;
			buildSettings = {
				ASSETCATALOG_COMPILER_APPICON_NAME = AppIcon;
				ASSETCATALOG_COMPILER_LAUNCHIMAGE_NAME = LaunchImage;
				CODE_SIGN_IDENTITY = "";
				INFOPLIST_FILE = APNSRegister/SupportingFiles/Info.plist;
				IPHONEOS_DEPLOYMENT_TARGET = 7.0;
				LD_RUNPATH_SEARCH_PATHS = "$(inherited) @executable_path/Frameworks";
				PRODUCT_NAME = "$(TARGET_NAME)";
				PROVISIONING_PROFILE = "7b5e9e8e-74f3-45ca-b9bd-2a44301e774e";
			};
			name = Debug;
		};
		B77848541A867D050066D3BC /* Release */ = {
			isa = XCBuildConfiguration;
			buildSettings = {
				ASSETCATALOG_COMPILER_APPICON_NAME = AppIcon;
				ASSETCATALOG_COMPILER_LAUNCHIMAGE_NAME = LaunchImage;
				INFOPLIST_FILE = APNSRegister/SupportingFiles/Info.plist;
				IPHONEOS_DEPLOYMENT_TARGET = 7.0;
				LD_RUNPATH_SEARCH_PATHS = "$(inherited) @executable_path/Frameworks";
				PRODUCT_NAME = "$(TARGET_NAME)";
				PROVISIONING_PROFILE = "7b5e9e8e-74f3-45ca-b9bd-2a44301e774e";
			};
			name = Release;
		};
		B77848561A867D050066D3BC /* Debug */ = {
			isa = XCBuildConfiguration;
			buildSettings = {
				BUNDLE_LOADER = "$(TEST_HOST)";
				FRAMEWORK_SEARCH_PATHS = (
					"$(SDKROOT)/Developer/Library/Frameworks",
					"$(inherited)",
				);
				GCC_PREPROCESSOR_DEFINITIONS = (
					"DEBUG=1",
					"$(inherited)",
				);
				INFOPLIST_FILE = APNSRegisterTests/Info.plist;
				LD_RUNPATH_SEARCH_PATHS = "$(inherited) @executable_path/Frameworks @loader_path/Frameworks";
				PRODUCT_NAME = "$(TARGET_NAME)";
				TEST_HOST = "$(BUILT_PRODUCTS_DIR)/APNSRegister.app/APNSRegister";
			};
			name = Debug;
		};
		B77848571A867D050066D3BC /* Release */ = {
			isa = XCBuildConfiguration;
			buildSettings = {
				BUNDLE_LOADER = "$(TEST_HOST)";
				FRAMEWORK_SEARCH_PATHS = (
					"$(SDKROOT)/Developer/Library/Frameworks",
					"$(inherited)",
				);
				INFOPLIST_FILE = APNSRegisterTests/Info.plist;
				LD_RUNPATH_SEARCH_PATHS = "$(inherited) @executable_path/Frameworks @loader_path/Frameworks";
				PRODUCT_NAME = "$(TARGET_NAME)";
				TEST_HOST = "$(BUILT_PRODUCTS_DIR)/APNSRegister.app/APNSRegister";
			};
			name = Release;
		};
/* End XCBuildConfiguration section */

/* Begin XCConfigurationList section */
		B778482A1A867D040066D3BC /* Build configuration list for PBXProject "APNSRegister" */ = {
			isa = XCConfigurationList;
			buildConfigurations = (
				B77848501A867D050066D3BC /* Debug */,
				B77848511A867D050066D3BC /* Release */,
			);
			defaultConfigurationIsVisible = 0;
			defaultConfigurationName = Release;
		};
		B77848521A867D050066D3BC /* Build configuration list for PBXNativeTarget "APNSRegister" */ = {
			isa = XCConfigurationList;
			buildConfigurations = (
				B77848531A867D050066D3BC /* Debug */,
				B77848541A867D050066D3BC /* Release */,
			);
			defaultConfigurationIsVisible = 0;
		};
		B77848551A867D050066D3BC /* Build configuration list for PBXNativeTarget "APNSRegisterTests" */ = {
			isa = XCConfigurationList;
			buildConfigurations = (
				B77848561A867D050066D3BC /* Debug */,
				B77848571A867D050066D3BC /* Release */,
			);
			defaultConfigurationIsVisible = 0;
		};
/* End XCConfigurationList section */
	};
	rootObject = B77848271A867D040066D3BC /* Project object */;
}
